dependencies:
  ga-lite: 2.1.0
  minireset.css: 0.0.6
devDependencies:
  '@types/google.analytics': 0.0.41
  prettier: 2.2.1
  typescript: 4.1.2
  vite: 2.0.0-beta.65
lockfileVersion: 5.2
packages:
  /@types/google.analytics/0.0.41:
    dev: true
    resolution:
      integrity: sha512-LE6AfJFJtxUl1d56oQ1PvQDEOtU+0fgqTVgmOw+T0eaz7FB4DTqKxbI6x8sq+7FDvAeIXOugZyGHJLR4CAxO4A==
  /colorette/1.2.1:
    dev: true
    resolution:
      integrity: sha512-puCDz0CzydiSYOrnXpz/PKd69zRrribezjtE9yd4zvytoRc8+RY/KJPvtPFKZS3E3wP6neGyMe0vOTlHO5L3Pw==
  /esbuild/0.8.43:
    dev: true
    hasBin: true
    requiresBuild: true
    resolution:
      integrity: sha512-ZVE2CpootS4jtnfV0bbtJdgRsHEXcMP0P7ZXGfTmNzzhBr2e5ag7Vp3ry0jmw8zduJz4iHzxg4m5jtPxWERz1w==
  /fsevents/2.1.3:
    deprecated: '"Please update to latest v2.3 or v2.2"'
    dev: true
    engines:
      node: ^8.16.0 || ^10.6.0 || >=11.0.0
    optional: true
    os:
      - darwin
    resolution:
      integrity: sha512-Auw9a4AxqWpa9GUfj370BMPzzyncfBABW8Mab7BGWBYDj4Isgq+cDKtx0i6u9jcX9pQDnswsaaOTgTmA5pEjuQ==
  /fsevents/2.3.2:
    dev: true
    engines:
      node: ^8.16.0 || ^10.6.0 || >=11.0.0
    optional: true
    os:
      - darwin
    resolution:
      integrity: sha512-xiqMQR4xAeHTuB9uWm+fFRcIOgKBMiOBP+eXiyT7jsgVCq1bkVygt00oASowB7EdtpOHaaPgKt812P9ab+DDKA==
  /function-bind/1.1.1:
    dev: true
    resolution:
      integrity: sha512-yIovAzMX49sF8Yl58fSCWJ5svSLuaibPxXQJFLmBObTuCr0Mf1KiPopGM9NiFjiYBCbfaa2Fh6breQ6ANVTI0A==
  /ga-lite/2.1.0:
    dev: false
    resolution:
      integrity: sha512-GR9on+Nm7QuNzJU71VqHpGlYvGQfDq5l6Za8IYq8QnnmPWf8f3AVHkmtaRMLamCdHxTbu2gsSAP9srOqW3MuNQ==
  /has/1.0.3:
    dependencies:
      function-bind: 1.1.1
    dev: true
    engines:
      node: '>= 0.4.0'
    resolution:
      integrity: sha512-f2dvO0VU6Oej7RkWJGrehjbzMAjFp5/VKPp5tTpWIV4JHHZK1/BxbFRtf/siA2SWTe09caDmVtYYzWEIbBS4zw==
  /is-core-module/2.2.0:
    dependencies:
      has: 1.0.3
    dev: true
    resolution:
      integrity: sha512-XRAfAdyyY5F5cOXn7hYQDqh2Xmii+DEfIcQGxK/uNwMHhIkPWO0g8msXcbzLe+MpGoR951MlqM/2iIlU4vKDdQ==
  /minireset.css/0.0.6:
    dev: false
    resolution:
      integrity: sha512-aluj16Tc1KhEYGDa/tedYzIbZ2Ax/JR25MUQzGkqOrcw/P5OPSlwNNrlLpdULu0xFNnxu2SRHx4rKiIMq3iSTQ==
  /nanoid/3.1.20:
    dev: true
    engines:
      node: ^10 || ^12 || ^13.7 || ^14 || >=15.0.1
    hasBin: true
    resolution:
      integrity: sha512-a1cQNyczgKbLX9jwbS/+d7W8fX/RfgYR7lVWwWOGIPNgK2m0MWvrGF6/m4kk6U3QcFMnZf3RIhL0v2Jgh/0Uxw==
  /path-parse/1.0.6:
    dev: true
    resolution:
      integrity: sha512-GSmOT2EbHrINBf9SR7CDELwlJ8AENk3Qn7OikK4nFYAu3Ote2+JYNVvkpAEQm3/TLNEJFD/xZJjzyxg3KBWOzw==
  /postcss/8.2.5:
    dependencies:
      colorette: 1.2.1
      nanoid: 3.1.20
      source-map: 0.6.1
    dev: true
    engines:
      node: ^10 || ^12 || >=14
    resolution:
      integrity: sha512-wMcb7BpDcm3gxQOQx46NDNT36Kk0Ao6PJLLI2ed5vehbbbxCEuslSQzbQ2sfSKy+gkYxhWcGWSeaK+gwm4KIZg==
  /prettier/2.2.1:
    dev: true
    engines:
      node: '>=10.13.0'
    hasBin: true
    resolution:
      integrity: sha512-PqyhM2yCjg/oKkFPtTGUojv7gnZAoG80ttl45O6x2Ug/rMJw4wcc9k6aaf2hibP7BGVCCM33gZoGjyvt9mm16Q==
  /resolve/1.19.0:
    dependencies:
      is-core-module: 2.2.0
      path-parse: 1.0.6
    dev: true
    resolution:
      integrity: sha512-rArEXAgsBG4UgRGcynxWIWKFvh/XZCcS8UJdHhwy91zwAvCZIbcs+vAbflgBnNjYMs/i/i+/Ux6IZhML1yPvxg==
  /rollup/2.38.5:
    dev: true
    engines:
      node: '>=10.0.0'
    hasBin: true
    optionalDependencies:
      fsevents: 2.3.2
    resolution:
      integrity: sha512-VoWt8DysFGDVRGWuHTqZzT02J0ASgjVq/hPs9QcBOGMd7B+jfTr/iqMVEyOi901rE3xq+Deq66GzIT1yt7sGwQ==
  /source-map/0.6.1:
    dev: true
    engines:
      node: '>=0.10.0'
    resolution:
      integrity: sha512-UjgapumWlbMhkBgzT7Ykc5YXUT46F0iKu8SGXq0bcwP5dz/h0Plj6enJqjz1Zbq2l5WaqYnrVbwWOWMyF3F47g==
  /typescript/4.1.2:
    dev: true
    engines:
      node: '>=4.2.0'
    hasBin: true
    resolution:
      integrity: sha512-thGloWsGH3SOxv1SoY7QojKi0tc+8FnOmiarEGMbd/lar7QOEd3hvlx3Fp5y6FlDUGl9L+pd4n2e+oToGMmhRQ==
  /vite/2.0.0-beta.65:
    dependencies:
      esbuild: 0.8.43
      postcss: 8.2.5
      resolve: 1.19.0
      rollup: 2.38.5
    dev: true
    engines:
      node: '>=12.0.0'
    hasBin: true
    optionalDependencies:
      fsevents: 2.1.3
    resolution:
      integrity: sha512-mdHNTP6fGeb8m8lWAM3UbSPw1+un1lUv0i4MQJcNiK2/P01RHIY02VjQeXBv3NemkExkgLji88LN9ySFMUQpIw==
specifiers:
  '@types/google.analytics': ^0.0.41
  ga-lite: ^2.1.0
  minireset.css: ^0.0.6
  prettier: ^2.1.2
  typescript: ^4.0.3
  vite: ^2.0.0-beta.65
